// !$*UTF8*$!
{
	archiveVersion = 1;
	classes = {
	};
	objectVersion = 50;
	objects = {

/* Begin PBXBuildFile section */
		8DE157082577ECA900001E98 /* AppDelegate.swift in Sources */ = {isa = PBXBuildFile; fileRef = 8DE157072577ECA900001E98 /* AppDelegate.swift */; };
		8DE1570A2577ECA900001E98 /* SceneDelegate.swift in Sources */ = {isa = PBXBuildFile; fileRef = 8DE157092577ECA900001E98 /* SceneDelegate.swift */; };
		8DE1570C2577ECA900001E98 /* ViewController.swift in Sources */ = {isa = PBXBuildFile; fileRef = 8DE1570B2577ECA900001E98 /* ViewController.swift */; };
		8DE1570F2577ECA900001E98 /* Main.storyboard in Resources */ = {isa = PBXBuildFile; fileRef = 8DE1570D2577ECA900001E98 /* Main.storyboard */; };
		8DE157112577ECAC00001E98 /* Assets.xcassets in Resources */ = {isa = PBXBuildFile; fileRef = 8DE157102577ECAC00001E98 /* Assets.xcassets */; };
		8DE157142577ECAC00001E98 /* LaunchScreen.storyboard in Resources */ = {isa = PBXBuildFile; fileRef = 8DE157122577ECAC00001E98 /* LaunchScreen.storyboard */; };
		8DE157272577EF4400001E98 /* AdaptedTableView.swift in Sources */ = {isa = PBXBuildFile; fileRef = 8DE157262577EF4400001E98 /* AdaptedTableView.swift */; };
		8DE1572F2577F60D00001E98 /* TextTableViewCell.swift in Sources */ = {isa = PBXBuildFile; fileRef = 8DE1572D2577F60D00001E98 /* TextTableViewCell.swift */; };
		8DE157302577F60D00001E98 /* TextTableViewCell.xib in Resources */ = {isa = PBXBuildFile; fileRef = 8DE1572E2577F60D00001E98 /* TextTableViewCell.xib */; };
		8DE157342577F62600001E98 /* TextCellViewModel.swift in Sources */ = {isa = PBXBuildFile; fileRef = 8DE157332577F62600001E98 /* TextCellViewModel.swift */; };
		8DE157372577F63400001E98 /* MainCellFactory.swift in Sources */ = {isa = PBXBuildFile; fileRef = 8DE157362577F63400001E98 /* MainCellFactory.swift */; };
		8DE1573A2577F94E00001E98 /* MainViewModel.swift in Sources */ = {isa = PBXBuildFile; fileRef = 8DE157392577F94E00001E98 /* MainViewModel.swift */; };
		8DE157432577FA6600001E98 /* AdaptedSectionViewModel.swift in Sources */ = {isa = PBXBuildFile; fileRef = 8DE157422577FA6600001E98 /* AdaptedSectionViewModel.swift */; };
		8DE157472577FD4500001E98 /* ButtonTableViewCell.swift in Sources */ = {isa = PBXBuildFile; fileRef = 8DE157452577FD4500001E98 /* ButtonTableViewCell.swift */; };
		8DE157482577FD4500001E98 /* ButtonTableViewCell.xib in Resources */ = {isa = PBXBuildFile; fileRef = 8DE157462577FD4500001E98 /* ButtonTableViewCell.xib */; };
		8DE1574B2577FD6400001E98 /* ButtonCellViewModel.swift in Sources */ = {isa = PBXBuildFile; fileRef = 8DE1574A2577FD6400001E98 /* ButtonCellViewModel.swift */; };
/* End PBXBuildFile section */

/* Begin PBXFileReference section */
		8DE157042577ECA900001E98 /* MVVM-UITableView.app */ = {isa = PBXFileReference; explicitFileType = wrapper.application; includeInIndex = 0; path = "MVVM-UITableView.app"; sourceTree = BUILT_PRODUCTS_DIR; };
		8DE157072577ECA900001E98 /* AppDelegate.swift */ = {isa = PBXFileReference; lastKnownFileType = sourcecode.swift; path = AppDelegate.swift; sourceTree = "<group>"; };
		8DE157092577ECA900001E98 /* SceneDelegate.swift */ = {isa = PBXFileReference; lastKnownFileType = sourcecode.swift; path = SceneDelegate.swift; sourceTree = "<group>"; };
		8DE1570B2577ECA900001E98 /* ViewController.swift */ = {isa = PBXFileReference; lastKnownFileType = sourcecode.swift; path = ViewController.swift; sourceTree = "<group>"; };
		8DE1570E2577ECA900001E98 /* Base */ = {isa = PBXFileReference; lastKnownFileType = file.storyboard; name = Base; path = Base.lproj/Main.storyboard; sourceTree = "<group>"; };
		8DE157102577ECAC00001E98 /* Assets.xcassets */ = {isa = PBXFileReference; lastKnownFileType = folder.assetcatalog; path = Assets.xcassets; sourceTree = "<group>"; };
		8DE157132577ECAC00001E98 /* Base */ = {isa = PBXFileReference; lastKnownFileType = file.storyboard; name = Base; path = Base.lproj/LaunchScreen.storyboard; sourceTree = "<group>"; };
		8DE157152577ECAC00001E98 /* Info.plist */ = {isa = PBXFileReference; lastKnownFileType = text.plist.xml; path = Info.plist; sourceTree = "<group>"; };
		8DE157262577EF4400001E98 /* AdaptedTableView.swift */ = {isa = PBXFileReference; lastKnownFileType = sourcecode.swift; path = AdaptedTableView.swift; sourceTree = "<group>"; };
		8DE1572D2577F60D00001E98 /* TextTableViewCell.swift */ = {isa = PBXFileReference; lastKnownFileType = sourcecode.swift; path = TextTableViewCell.swift; sourceTree = "<group>"; };
		8DE1572E2577F60D00001E98 /* TextTableViewCell.xib */ = {isa = PBXFileReference; lastKnownFileType = file.xib; path = TextTableViewCell.xib; sourceTree = "<group>"; };
		8DE157332577F62600001E98 /* TextCellViewModel.swift */ = {isa = PBXFileReference; lastKnownFileType = sourcecode.swift; path = TextCellViewModel.swift; sourceTree = "<group>"; };
		8DE157362577F63400001E98 /* MainCellFactory.swift */ = {isa = PBXFileReference; lastKnownFileType = sourcecode.swift; path = MainCellFactory.swift; sourceTree = "<group>"; };
		8DE157392577F94E00001E98 /* MainViewModel.swift */ = {isa = PBXFileReference; lastKnownFileType = sourcecode.swift; path = MainViewModel.swift; sourceTree = "<group>"; };
		8DE157422577FA6600001E98 /* AdaptedSectionViewModel.swift */ = {isa = PBXFileReference; lastKnownFileType = sourcecode.swift; path = AdaptedSectionViewModel.swift; sourceTree = "<group>"; };
		8DE157452577FD4500001E98 /* ButtonTableViewCell.swift */ = {isa = PBXFileReference; lastKnownFileType = sourcecode.swift; path = ButtonTableViewCell.swift; sourceTree = "<group>"; };
		8DE157462577FD4500001E98 /* ButtonTableViewCell.xib */ = {isa = PBXFileReference; lastKnownFileType = file.xib; path = ButtonTableViewCell.xib; sourceTree = "<group>"; };
		8DE1574A2577FD6400001E98 /* ButtonCellViewModel.swift */ = {isa = PBXFileReference; lastKnownFileType = sourcecode.swift; path = ButtonCellViewModel.swift; sourceTree = "<group>"; };
/* End PBXFileReference section */

/* Begin PBXFrameworksBuildPhase section */
		8DE157012577ECA900001E98 /* Frameworks */ = {
			isa = PBXFrameworksBuildPhase;
			buildActionMask = 2147483647;
			files = (
			);
			runOnlyForDeploymentPostprocessing = 0;
		};
/* End PBXFrameworksBuildPhase section */

/* Begin PBXGroup section */
		8DE156FB2577ECA900001E98 = {
			isa = PBXGroup;
			children = (
				8DE157062577ECA900001E98 /* MVVM-UITableView */,
				8DE157052577ECA900001E98 /* Products */,
			);
			sourceTree = "<group>";
		};
		8DE157052577ECA900001E98 /* Products */ = {
			isa = PBXGroup;
			children = (
				8DE157042577ECA900001E98 /* MVVM-UITableView.app */,
			);
			name = Products;
			sourceTree = "<group>";
		};
		8DE157062577ECA900001E98 /* MVVM-UITableView */ = {
			isa = PBXGroup;
			children = (
				8DE1571D2577ED5300001E98 /* Resources */,
				8DE157202577EDBF00001E98 /* Modules */,
			);
			path = "MVVM-UITableView";
			sourceTree = "<group>";
		};
		8DE1571D2577ED5300001E98 /* Resources */ = {
			isa = PBXGroup;
			children = (
				8DE157152577ECAC00001E98 /* Info.plist */,
				8DE157102577ECAC00001E98 /* Assets.xcassets */,
				8DE1571E2577ED6000001E98 /* Storyboards */,
			);
			path = Resources;
			sourceTree = "<group>";
		};
		8DE1571E2577ED6000001E98 /* Storyboards */ = {
			isa = PBXGroup;
			children = (
				8DE1570D2577ECA900001E98 /* Main.storyboard */,
				8DE157122577ECAC00001E98 /* LaunchScreen.storyboard */,
			);
			path = Storyboards;
			sourceTree = "<group>";
		};
		8DE157202577EDBF00001E98 /* Modules */ = {
			isa = PBXGroup;
			children = (
				8DE157212577EDC800001E98 /* Root */,
				8DE157242577EE5800001E98 /* Generic */,
				8DE157222577EDD100001E98 /* Main */,
			);
			path = Modules;
			sourceTree = "<group>";
		};
		8DE157212577EDC800001E98 /* Root */ = {
			isa = PBXGroup;
			children = (
				8DE157072577ECA900001E98 /* AppDelegate.swift */,
				8DE157092577ECA900001E98 /* SceneDelegate.swift */,
			);
			path = Root;
			sourceTree = "<group>";
		};
		8DE157222577EDD100001E98 /* Main */ = {
			isa = PBXGroup;
			children = (
				8DE1573C2577FA1400001E98 /* Sections */,
				8DE157292577F5C300001E98 /* Cells */,
				8DE1570B2577ECA900001E98 /* ViewController.swift */,
				8DE157392577F94E00001E98 /* MainViewModel.swift */,
				8DE157362577F63400001E98 /* MainCellFactory.swift */,
			);
			path = Main;
			sourceTree = "<group>";
		};
		8DE157242577EE5800001E98 /* Generic */ = {
			isa = PBXGroup;
			children = (
				8DE157252577EE7500001E98 /* AdaptedTableView */,
			);
			path = Generic;
			sourceTree = "<group>";
		};
		8DE157252577EE7500001E98 /* AdaptedTableView */ = {
			isa = PBXGroup;
			children = (
				8DE157262577EF4400001E98 /* AdaptedTableView.swift */,
			);
			path = AdaptedTableView;
			sourceTree = "<group>";
		};
		8DE157292577F5C300001E98 /* Cells */ = {
			isa = PBXGroup;
			children = (
				8DE1572A2577F5E600001E98 /* TextCell */,
				8DE1572B2577F5EC00001E98 /* ButtonCell */,
				8DE1572C2577F5FC00001E98 /* ImageCell */,
			);
			path = Cells;
			sourceTree = "<group>";
		};
		8DE1572A2577F5E600001E98 /* TextCell */ = {
			isa = PBXGroup;
			children = (
				8DE1572D2577F60D00001E98 /* TextTableViewCell.swift */,
				8DE157332577F62600001E98 /* TextCellViewModel.swift */,
				8DE1572E2577F60D00001E98 /* TextTableViewCell.xib */,
			);
			path = TextCell;
			sourceTree = "<group>";
		};
		8DE1572B2577F5EC00001E98 /* ButtonCell */ = {
			isa = PBXGroup;
			children = (
				8DE157452577FD4500001E98 /* ButtonTableViewCell.swift */,
				8DE1574A2577FD6400001E98 /* ButtonCellViewModel.swift */,
				8DE157462577FD4500001E98 /* ButtonTableViewCell.xib */,
			);
			path = ButtonCell;
			sourceTree = "<group>";
		};
		8DE1572C2577F5FC00001E98 /* ImageCell */ = {
			isa = PBXGroup;
			children = (
			);
			path = ImageCell;
			sourceTree = "<group>";
		};
		8DE1573C2577FA1400001E98 /* Sections */ = {
			isa = PBXGroup;
			children = (
				8DE157422577FA6600001E98 /* AdaptedSectionViewModel.swift */,
			);
			path = Sections;
			sourceTree = "<group>";
		};
/* End PBXGroup section */

/* Begin PBXNativeTarget section */
		8DE157032577ECA900001E98 /* MVVM-UITableView */ = {
			isa = PBXNativeTarget;
			buildConfigurationList = 8DE157182577ECAC00001E98 /* Build configuration list for PBXNativeTarget "MVVM-UITableView" */;
			buildPhases = (
				8DE157002577ECA900001E98 /* Sources */,
				8DE157012577ECA900001E98 /* Frameworks */,
				8DE157022577ECA900001E98 /* Resources */,
			);
			buildRules = (
			);
			dependencies = (
			);
			name = "MVVM-UITableView";
			productName = "MVVM-UITableView";
			productReference = 8DE157042577ECA900001E98 /* MVVM-UITableView.app */;
			productType = "com.apple.product-type.application";
		};
/* End PBXNativeTarget section */

/* Begin PBXProject section */
		8DE156FC2577ECA900001E98 /* Project object */ = {
			isa = PBXProject;
			attributes = {
				LastSwiftUpdateCheck = 1200;
				LastUpgradeCheck = 1200;
				TargetAttributes = {
					8DE157032577ECA900001E98 = {
						CreatedOnToolsVersion = 12.0.1;
					};
				};
			};
			buildConfigurationList = 8DE156FF2577ECA900001E98 /* Build configuration list for PBXProject "MVVM-UITableView" */;
			compatibilityVersion = "Xcode 9.3";
			developmentRegion = en;
			hasScannedForEncodings = 0;
			knownRegions = (
				en,
				Base,
			);
			mainGroup = 8DE156FB2577ECA900001E98;
			productRefGroup = 8DE157052577ECA900001E98 /* Products */;
			projectDirPath = "";
			projectRoot = "";
			targets = (
				8DE157032577ECA900001E98 /* MVVM-UITableView */,
			);
		};
/* End PBXProject section */

/* Begin PBXResourcesBuildPhase section */
		8DE157022577ECA900001E98 /* Resources */ = {
			isa = PBXResourcesBuildPhase;
			buildActionMask = 2147483647;
			files = (
				8DE157142577ECAC00001E98 /* LaunchScreen.storyboard in Resources */,
				8DE157112577ECAC00001E98 /* Assets.xcassets in Resources */,
				8DE157482577FD4500001E98 /* ButtonTableViewCell.xib in Resources */,
				8DE157302577F60D00001E98 /* TextTableViewCell.xib in Resources */,
				8DE1570F2577ECA900001E98 /* Main.storyboard in Resources */,
			);
			runOnlyForDeploymentPostprocessing = 0;
		};
/* End PBXResourcesBuildPhase section */

/* Begin PBXSourcesBuildPhase section */
		8DE157002577ECA900001E98 /* Sources */ = {
			isa = PBXSourcesBuildPhase;
			buildActionMask = 2147483647;
			files = (
				8DE1570C2577ECA900001E98 /* ViewController.swift in Sources */,
				8DE157342577F62600001E98 /* TextCellViewModel.swift in Sources */,
				8DE157082577ECA900001E98 /* AppDelegate.swift in Sources */,
				8DE1570A2577ECA900001E98 /* SceneDelegate.swift in Sources */,
				8DE157272577EF4400001E98 /* AdaptedTableView.swift in Sources */,
				8DE1574B2577FD6400001E98 /* ButtonCellViewModel.swift in Sources */,
				8DE157432577FA6600001E98 /* AdaptedSectionViewModel.swift in Sources */,
				8DE157372577F63400001E98 /* MainCellFactory.swift in Sources */,
				8DE157472577FD4500001E98 /* ButtonTableViewCell.swift in Sources */,
				8DE1572F2577F60D00001E98 /* TextTableViewCell.swift in Sources */,
				8DE1573A2577F94E00001E98 /* MainViewModel.swift in Sources */,
			);
			runOnlyForDeploymentPostprocessing = 0;
		};
/* End PBXSourcesBuildPhase section */

/* Begin PBXVariantGroup section */
		8DE1570D2577ECA900001E98 /* Main.storyboard */ = {
			isa = PBXVariantGroup;
			children = (
				8DE1570E2577ECA900001E98 /* Base */,
			);
			name = Main.storyboard;
			sourceTree = "<group>";
		};
		8DE157122577ECAC00001E98 /* LaunchScreen.storyboard */ = {
			isa = PBXVariantGroup;
			children = (
				8DE157132577ECAC00001E98 /* Base */,
			);
			name = LaunchScreen.storyboard;
			sourceTree = "<group>";
		};
/* End PBXVariantGroup section */

/* Begin XCBuildConfiguration section */
		8DE157162577ECAC00001E98 /* Debug */ = {
			isa = XCBuildConfiguration;
			buildSettings = {
				ALWAYS_SEARCH_USER_PATHS = NO;
				CLANG_ANALYZER_NONNULL = YES;
				CLANG_ANALYZER_NUMBER_OBJECT_CONVERSION = YES_AGGRESSIVE;
				CLANG_CXX_LANGUAGE_STANDARD = "gnu++14";
				CLANG_CXX_LIBRARY = "libc++";
				CLANG_ENABLE_MODULES = YES;
				CLANG_ENABLE_OBJC_ARC = YES;
				CLANG_ENABLE_OBJC_WEAK = YES;
				CLANG_WARN_BLOCK_CAPTURE_AUTORELEASING = YES;
				CLANG_WARN_BOOL_CONVERSION = YES;
				CLANG_WARN_COMMA = YES;
				CLANG_WARN_CONSTANT_CONVERSION = YES;
				CLANG_WARN_DEPRECATED_OBJC_IMPLEMENTATIONS = YES;
				CLANG_WARN_DIRECT_OBJC_ISA_USAGE = YES_ERROR;
				CLANG_WARN_DOCUMENTATION_COMMENTS = YES;
				CLANG_WARN_EMPTY_BODY = YES;
				CLANG_WARN_ENUM_CONVERSION = YES;
				CLANG_WARN_INFINITE_RECURSION = YES;
				CLANG_WARN_INT_CONVERSION = YES;
				CLANG_WARN_NON_LITERAL_NULL_CONVERSION = YES;
				CLANG_WARN_OBJC_IMPLICIT_RETAIN_SELF = YES;
				CLANG_WARN_OBJC_LITERAL_CONVERSION = YES;
				CLANG_WARN_OBJC_ROOT_CLASS = YES_ERROR;
				CLANG_WARN_QUOTED_INCLUDE_IN_FRAMEWORK_HEADER = YES;
				CLANG_WARN_RANGE_LOOP_ANALYSIS = YES;
				CLANG_WARN_STRICT_PROTOTYPES = YES;
				CLANG_WARN_SUSPICIOUS_MOVE = YES;
				CLANG_WARN_UNGUARDED_AVAILABILITY = YES_AGGRESSIVE;
				CLANG_WARN_UNREACHABLE_CODE = YES;
				CLANG_WARN__DUPLICATE_METHOD_MATCH = YES;
				COPY_PHASE_STRIP = NO;
				DEBUG_INFORMATION_FORMAT = dwarf;
				ENABLE_STRICT_OBJC_MSGSEND = YES;
				ENABLE_TESTABILITY = YES;
				GCC_C_LANGUAGE_STANDARD = gnu11;
				GCC_DYNAMIC_NO_PIC = NO;
				GCC_NO_COMMON_BLOCKS = YES;
				GCC_OPTIMIZATION_LEVEL = 0;
				GCC_PREPROCESSOR_DEFINITIONS = (
					"DEBUG=1",
					"$(inherited)",
				);
				GCC_WARN_64_TO_32_BIT_CONVERSION = YES;
				GCC_WARN_ABOUT_RETURN_TYPE = YES_ERROR;
				GCC_WARN_UNDECLARED_SELECTOR = YES;
				GCC_WARN_UNINITIALIZED_AUTOS = YES_AGGRESSIVE;
				GCC_WARN_UNUSED_FUNCTION = YES;
				GCC_WARN_UNUSED_VARIABLE = YES;
				IPHONEOS_DEPLOYMENT_TARGET = 14.0;
				MTL_ENABLE_DEBUG_INFO = INCLUDE_SOURCE;
				MTL_FAST_MATH = YES;
				ONLY_ACTIVE_ARCH = YES;
				SDKROOT = iphoneos;
				SWIFT_ACTIVE_COMPILATION_CONDITIONS = DEBUG;
				SWIFT_OPTIMIZATION_LEVEL = "-Onone";
			};
			name = Debug;
		};
		8DE157172577ECAC00001E98 /* Release */ = {
			isa = XCBuildConfiguration;
			buildSettings = {
				ALWAYS_SEARCH_USER_PATHS = NO;
				CLANG_ANALYZER_NONNULL = YES;
				CLANG_ANALYZER_NUMBER_OBJECT_CONVERSION = YES_AGGRESSIVE;
				CLANG_CXX_LANGUAGE_STANDARD = "gnu++14";
				CLANG_CXX_LIBRARY = "libc++";
				CLANG_ENABLE_MODULES = YES;
				CLANG_ENABLE_OBJC_ARC = YES;
				CLANG_ENABLE_OBJC_WEAK = YES;
				CLANG_WARN_BLOCK_CAPTURE_AUTORELEASING = YES;
				CLANG_WARN_BOOL_CONVERSION = YES;
				CLANG_WARN_COMMA = YES;
				CLANG_WARN_CONSTANT_CONVERSION = YES;
				CLANG_WARN_DEPRECATED_OBJC_IMPLEMENTATIONS = YES;
				CLANG_WARN_DIRECT_OBJC_ISA_USAGE = YES_ERROR;
				CLANG_WARN_DOCUMENTATION_COMMENTS = YES;
				CLANG_WARN_EMPTY_BODY = YES;
				CLANG_WARN_ENUM_CONVERSION = YES;
				CLANG_WARN_INFINITE_RECURSION = YES;
				CLANG_WARN_INT_CONVERSION = YES;
				CLANG_WARN_NON_LITERAL_NULL_CONVERSION = YES;
				CLANG_WARN_OBJC_IMPLICIT_RETAIN_SELF = YES;
				CLANG_WARN_OBJC_LITERAL_CONVERSION = YES;
				CLANG_WARN_OBJC_ROOT_CLASS = YES_ERROR;
				CLANG_WARN_QUOTED_INCLUDE_IN_FRAMEWORK_HEADER = YES;
				CLANG_WARN_RANGE_LOOP_ANALYSIS = YES;
				CLANG_WARN_STRICT_PROTOTYPES = YES;
				CLANG_WARN_SUSPICIOUS_MOVE = YES;
				CLANG_WARN_UNGUARDED_AVAILABILITY = YES_AGGRESSIVE;
				CLANG_WARN_UNREACHABLE_CODE = YES;
				CLANG_WARN__DUPLICATE_METHOD_MATCH = YES;
				COPY_PHASE_STRIP = NO;
				DEBUG_INFORMATION_FORMAT = "dwarf-with-dsym";
				ENABLE_NS_ASSERTIONS = NO;
				ENABLE_STRICT_OBJC_MSGSEND = YES;
				GCC_C_LANGUAGE_STANDARD = gnu11;
				GCC_NO_COMMON_BLOCKS = YES;
				GCC_WARN_64_TO_32_BIT_CONVERSION = YES;
				GCC_WARN_ABOUT_RETURN_TYPE = YES_ERROR;
				GCC_WARN_UNDECLARED_SELECTOR = YES;
				GCC_WARN_UNINITIALIZED_AUTOS = YES_AGGRESSIVE;
				GCC_WARN_UNUSED_FUNCTION = YES;
				GCC_WARN_UNUSED_VARIABLE = YES;
				IPHONEOS_DEPLOYMENT_TARGET = 14.0;
				MTL_ENABLE_DEBUG_INFO = NO;
				MTL_FAST_MATH = YES;
				SDKROOT = iphoneos;
				SWIFT_COMPILATION_MODE = wholemodule;
				SWIFT_OPTIMIZATION_LEVEL = "-O";
				VALIDATE_PRODUCT = YES;
			};
			name = Release;
		};
		8DE157192577ECAC00001E98 /* Debug */ = {
			isa = XCBuildConfiguration;
			buildSettings = {
				ASSETCATALOG_COMPILER_APPICON_NAME = AppIcon;
				ASSETCATALOG_COMPILER_GLOBAL_ACCENT_COLOR_NAME = AccentColor;
				CODE_SIGN_STYLE = Automatic;
				DEVELOPMENT_TEAM = YH2LL6KMKW;
				INFOPLIST_FILE = "MVVM-UITableView/Resources/Info.plist";
				LD_RUNPATH_SEARCH_PATHS = (
					"$(inherited)",
					"@executable_path/Frameworks",
				);
				PRODUCT_BUNDLE_IDENTIFIER = "NL.MVVM-UITableView";
				PRODUCT_NAME = "$(TARGET_NAME)";
				SWIFT_VERSION = 5.0;
				TARGETED_DEVICE_FAMILY = "1,2";
			};
			name = Debug;
		};
		8DE1571A2577ECAC00001E98 /* Release */ = {
			isa = XCBuildConfiguration;
			buildSettings = {
				ASSETCATALOG_COMPILER_APPICON_NAME = AppIcon;
				ASSETCATALOG_COMPILER_GLOBAL_ACCENT_COLOR_NAME = AccentColor;
				CODE_SIGN_STYLE = Automatic;
				DEVELOPMENT_TEAM = YH2LL6KMKW;
				INFOPLIST_FILE = "MVVM-UITableView/Resources/Info.plist";
				LD_RUNPATH_SEARCH_PATHS = (
					"$(inherited)",
					"@executable_path/Frameworks",
				);
				PRODUCT_BUNDLE_IDENTIFIER = "NL.MVVM-UITableView";
				PRODUCT_NAME = "$(TARGET_NAME)";
				SWIFT_VERSION = 5.0;
				TARGETED_DEVICE_FAMILY = "1,2";
			};
			name = Release;
		};
/* End XCBuildConfiguration section */

/* Begin XCConfigurationList section */
		8DE156FF2577ECA900001E98 /* Build configuration list for PBXProject "MVVM-UITableView" */ = {
			isa = XCConfigurationList;
			buildConfigurations = (
				8DE157162577ECAC00001E98 /* Debug */,
				8DE157172577ECAC00001E98 /* Release */,
			);
			defaultConfigurationIsVisible = 0;
			defaultConfigurationName = Release;
		};
		8DE157182577ECAC00001E98 /* Build configuration list for PBXNativeTarget "MVVM-UITableView" */ = {
			isa = XCConfigurationList;
			buildConfigurations = (
				8DE157192577ECAC00001E98 /* Debug */,
				8DE1571A2577ECAC00001E98 /* Release */,
			);
			defaultConfigurationIsVisible = 0;
			defaultConfigurationName = Release;
		};
/* End XCConfigurationList section */
	};
	rootObject = 8DE156FC2577ECA900001E98 /* Project object */;
}
